
Microsoft Visual Studio Solution File, Format Version 12.00
Project("{FAE04EC0-301F-11D3-BF4B-00C04F79EFBC}") = "KanbanAPI", "KanbanAPI\KanbanAPI.csproj", "{4D4D4466-BC5E-4641-BDB9-2DB043F98F3F}"
EndProject
Project("{FAE04EC0-301F-11D3-BF4B-00C04F79EFBC}") = "KanbanAPI.Business", "KanbanAPI.Business\KanbanAPI.Business.csproj", "{D5C68028-A168-4FB4-BD93-5914E6088C53}"
EndProject
Project("{FAE04EC0-301F-11D3-BF4B-00C04F79EFBC}") = "KanbanAPI.DataAccess", "KanbanAPI.DataAccess\KanbanAPI.DataAccess.csproj", "{3C02E9CB-2EAA-4649-AF3C-64238F5D64E6}"
EndProject
Project("{FAE04EC0-301F-11D3-BF4B-00C04F79EFBC}") = "KanbanAPI.Business.Tests", "KanbanAPI.Business.Tests\KanbanAPI.Business.Tests.csproj", "{91182BFF-000B-429F-8124-97995E514B74}"
EndProject
Project("{FAE04EC0-301F-11D3-BF4B-00C04F79EFBC}") = "KanbanAPI.DataAccess.Tests", "KanbanAPI.DataAccess.Tests\KanbanAPI.DataAccess.Tests.csproj", "{9ADE8BAB-DD4D-4453-A19E-1CDC61C347C3}"
EndProject
Project("{FAE04EC0-301F-11D3-BF4B-00C04F79EFBC}") = "KanbanAPI.Tests", "KanbanAPI.Tests\KanbanAPI.Tests.csproj", "{419BCA18-FA80-49FB-A5CC-721063D34321}"
EndProject
Project("{2150E333-8FDC-42A3-9474-1A3956D46DE8}") = "Solution Items", "Solution Items", "{918DB27C-B404-48C5-AE6F-85F99296368E}"
	ProjectSection(SolutionItems) = preProject
		docker-compose.yml = docker-compose.yml
	EndProjectSection
EndProject
Global
	GlobalSection(SolutionConfigurationPlatforms) = preSolution
		Debug|Any CPU = Debug|Any CPU
		Release|Any CPU = Release|Any CPU
	EndGlobalSection
	GlobalSection(ProjectConfigurationPlatforms) = postSolution
		{4D4D4466-BC5E-4641-BDB9-2DB043F98F3F}.Debug|Any CPU.ActiveCfg = Debug|Any CPU
		{4D4D4466-BC5E-4641-BDB9-2DB043F98F3F}.Debug|Any CPU.Build.0 = Debug|Any CPU
		{4D4D4466-BC5E-4641-BDB9-2DB043F98F3F}.Release|Any CPU.ActiveCfg = Release|Any CPU
		{4D4D4466-BC5E-4641-BDB9-2DB043F98F3F}.Release|Any CPU.Build.0 = Release|Any CPU
		{D5C68028-A168-4FB4-BD93-5914E6088C53}.Debug|Any CPU.ActiveCfg = Debug|Any CPU
		{D5C68028-A168-4FB4-BD93-5914E6088C53}.Debug|Any CPU.Build.0 = Debug|Any CPU
		{D5C68028-A168-4FB4-BD93-5914E6088C53}.Release|Any CPU.ActiveCfg = Release|Any CPU
		{D5C68028-A168-4FB4-BD93-5914E6088C53}.Release|Any CPU.Build.0 = Release|Any CPU
		{3C02E9CB-2EAA-4649-AF3C-64238F5D64E6}.Debug|Any CPU.ActiveCfg = Debug|Any CPU
		{3C02E9CB-2EAA-4649-AF3C-64238F5D64E6}.Debug|Any CPU.Build.0 = Debug|Any CPU
		{3C02E9CB-2EAA-4649-AF3C-64238F5D64E6}.Release|Any CPU.ActiveCfg = Release|Any CPU
		{3C02E9CB-2EAA-4649-AF3C-64238F5D64E6}.Release|Any CPU.Build.0 = Release|Any CPU
		{91182BFF-000B-429F-8124-97995E514B74}.Debug|Any CPU.ActiveCfg = Debug|Any CPU
		{91182BFF-000B-429F-8124-97995E514B74}.Debug|Any CPU.Build.0 = Debug|Any CPU
		{91182BFF-000B-429F-8124-97995E514B74}.Release|Any CPU.ActiveCfg = Release|Any CPU
		{91182BFF-000B-429F-8124-97995E514B74}.Release|Any CPU.Build.0 = Release|Any CPU
		{9ADE8BAB-DD4D-4453-A19E-1CDC61C347C3}.Debug|Any CPU.ActiveCfg = Debug|Any CPU
		{9ADE8BAB-DD4D-4453-A19E-1CDC61C347C3}.Debug|Any CPU.Build.0 = Debug|Any CPU
		{9ADE8BAB-DD4D-4453-A19E-1CDC61C347C3}.Release|Any CPU.ActiveCfg = Release|Any CPU
		{9ADE8BAB-DD4D-4453-A19E-1CDC61C347C3}.Release|Any CPU.Build.0 = Release|Any CPU
		{419BCA18-FA80-49FB-A5CC-721063D34321}.Debug|Any CPU.ActiveCfg = Debug|Any CPU
		{419BCA18-FA80-49FB-A5CC-721063D34321}.Debug|Any CPU.Build.0 = Debug|Any CPU
		{419BCA18-FA80-49FB-A5CC-721063D34321}.Release|Any CPU.ActiveCfg = Release|Any CPU
		{419BCA18-FA80-49FB-A5CC-721063D34321}.Release|Any CPU.Build.0 = Release|Any CPU
	EndGlobalSection
EndGlobal
